
Microsoft Visual Studio Solution File, Format Version 9.00
# Visual Studio 2005
Project("{FAE04EC0-301F-11D3-BF4B-00C04F79EFBC}") = "SqlServerList", "SqlServerList\SqlServerList.csproj", "{75DBB40D-7742-4723-9C5C-5F67F357718C}"
EndProject
Global
	GlobalSection(SolutionConfigurationPlatforms) = preSolution
		Debug|Any CPU = Debug|Any CPU
		Release|Any CPU = Release|Any CPU
	EndGlobalSection
	GlobalSection(ProjectConfigurationPlatforms) = postSolution
		{75DBB40D-7742-4723-9C5C-5F67F357718C}.Debug|Any CPU.ActiveCfg = Debug|Any CPU
		{75DBB40D-7742-4723-9C5C-5F67F357718C}.Debug|Any CPU.Build.0 = Debug|Any CPU
		{75DBB40D-7742-4723-9C5C-5F67F357718C}.Release|Any CPU.ActiveCfg = Release|Any CPU
		{75DBB40D-7742-4723-9C5C-5F67F357718C}.Release|Any CPU.Build.0 = Release|Any CPU
	EndGlobalSection
	GlobalSection(SolutionProperties) = preSolution
		HideSolutionNode = FALSE
	EndGlobalSection
EndGlobal
