
Microsoft Visual Studio Solution File, Format Version 9.00
# Visual Studio 2005
Project("{FAE04EC0-301F-11D3-BF4B-00C04F79EFBC}") = "DatabaseSpace", "DatabaseSpace\DatabaseSpace.csproj", "{8063FD3B-05F0-41C0-B52A-70E178D7D6CB}"
EndProject
Project("{FAE04EC0-301F-11D3-BF4B-00C04F79EFBC}") = "ServerConnect", "..\..\ServerConnect\CS\ServerConnect\ServerConnect.csproj", "{016C2786-398F-4022-9D73-B61C5D01644E}"
EndProject
Global
	GlobalSection(SolutionConfigurationPlatforms) = preSolution
		Debug|Any CPU = Debug|Any CPU
		Release|Any CPU = Release|Any CPU
	EndGlobalSection
	GlobalSection(ProjectConfigurationPlatforms) = postSolution
		{8063FD3B-05F0-41C0-B52A-70E178D7D6CB}.Debug|Any CPU.ActiveCfg = Debug|Any CPU
		{8063FD3B-05F0-41C0-B52A-70E178D7D6CB}.Debug|Any CPU.Build.0 = Debug|Any CPU
		{8063FD3B-05F0-41C0-B52A-70E178D7D6CB}.Release|Any CPU.ActiveCfg = Release|Any CPU
		{8063FD3B-05F0-41C0-B52A-70E178D7D6CB}.Release|Any CPU.Build.0 = Release|Any CPU
		{016C2786-398F-4022-9D73-B61C5D01644E}.Debug|Any CPU.ActiveCfg = Debug|Any CPU
		{016C2786-398F-4022-9D73-B61C5D01644E}.Debug|Any CPU.Build.0 = Debug|Any CPU
		{016C2786-398F-4022-9D73-B61C5D01644E}.Release|Any CPU.ActiveCfg = Release|Any CPU
		{016C2786-398F-4022-9D73-B61C5D01644E}.Release|Any CPU.Build.0 = Release|Any CPU
	EndGlobalSection
	GlobalSection(SolutionProperties) = preSolution
		HideSolutionNode = FALSE
	EndGlobalSection
EndGlobal
