
Microsoft Visual Studio Solution File, Format Version 9.00
# Visual Studio 2005
Project("{F184B08F-C81C-45F6-A57F-5ABD9991F28F}") = "IndexSizes", "IndexSizes\IndexSizes.vbproj", "{E1DE39BA-C2D2-4100-86D9-7B8A2D6FB04C}"
EndProject
Project("{F184B08F-C81C-45F6-A57F-5ABD9991F28F}") = "ServerConnect", "..\..\ServerConnect\VB\ServerConnect\ServerConnect.vbproj", "{5C7B4546-7559-4311-BEF8-EDFB79E84037}"
EndProject
Global
	GlobalSection(SolutionConfigurationPlatforms) = preSolution
		Debug|Any CPU = Debug|Any CPU
		Release|Any CPU = Release|Any CPU
	EndGlobalSection
	GlobalSection(ProjectConfigurationPlatforms) = postSolution
		{E1DE39BA-C2D2-4100-86D9-7B8A2D6FB04C}.Debug|Any CPU.ActiveCfg = Debug|Any CPU
		{E1DE39BA-C2D2-4100-86D9-7B8A2D6FB04C}.Debug|Any CPU.Build.0 = Debug|Any CPU
		{E1DE39BA-C2D2-4100-86D9-7B8A2D6FB04C}.Release|Any CPU.ActiveCfg = Release|Any CPU
		{E1DE39BA-C2D2-4100-86D9-7B8A2D6FB04C}.Release|Any CPU.Build.0 = Release|Any CPU
		{5C7B4546-7559-4311-BEF8-EDFB79E84037}.Debug|Any CPU.ActiveCfg = Debug|Any CPU
		{5C7B4546-7559-4311-BEF8-EDFB79E84037}.Debug|Any CPU.Build.0 = Debug|Any CPU
		{5C7B4546-7559-4311-BEF8-EDFB79E84037}.Release|Any CPU.ActiveCfg = Release|Any CPU
		{5C7B4546-7559-4311-BEF8-EDFB79E84037}.Release|Any CPU.Build.0 = Release|Any CPU
	EndGlobalSection
	GlobalSection(SolutionProperties) = preSolution
		HideSolutionNode = FALSE
	EndGlobalSection
EndGlobal
